
Microsoft Visual Studio Solution File, Format Version 12.00
# Visual Studio Version 17
VisualStudioVersion = 17.13.35825.156 d17.13
MinimumVisualStudioVersion = 10.0.40219.1
Project("{FAE04EC0-301F-11D3-BF4B-00C04F79EFBC}") = "LABDB_INTERFACE", "LABDB_INTERFACE\LABDB_INTERFACE.csproj", "{3CD99B02-5436-4746-A3B2-5D8F739C7B3A}"
EndProject
Global
	GlobalSection(SolutionConfigurationPlatforms) = preSolution
		Debug|Any CPU = Debug|Any CPU
		Release|Any CPU = Release|Any CPU
	EndGlobalSection
	GlobalSection(ProjectConfigurationPlatforms) = postSolution
		{3CD99B02-5436-4746-A3B2-5D8F739C7B3A}.Debug|Any CPU.ActiveCfg = Debug|Any CPU
		{3CD99B02-5436-4746-A3B2-5D8F739C7B3A}.Debug|Any CPU.Build.0 = Debug|Any CPU
		{3CD99B02-5436-4746-A3B2-5D8F739C7B3A}.Release|Any CPU.ActiveCfg = Release|Any CPU
		{3CD99B02-5436-4746-A3B2-5D8F739C7B3A}.Release|Any CPU.Build.0 = Release|Any CPU
	EndGlobalSection
	GlobalSection(SolutionProperties) = preSolution
		HideSolutionNode = FALSE
	EndGlobalSection
	GlobalSection(ExtensibilityGlobals) = postSolution
		SolutionGuid = {C34BF214-15FF-4507-9C4F-EB4D507E4291}
	EndGlobalSection
EndGlobal
